
Microsoft Visual Studio Solution File, Format Version 12.00
# Visual Studio Version 17
VisualStudioVersion = 17.3.32901.215
MinimumVisualStudioVersion = 10.0.40219.1
Project("{FAE04EC0-301F-11D3-BF4B-00C04F79EFBC}") = "AESEncryptor", "AESEncryptor\AESEncryptor.csproj", "{280AEA67-94B0-4A73-BF2B-8422009764CF}"
EndProject
Global
	GlobalSection(SolutionConfigurationPlatforms) = preSolution
		Debug|Any CPU = Debug|Any CPU
		Release|Any CPU = Release|Any CPU
	EndGlobalSection
	GlobalSection(ProjectConfigurationPlatforms) = postSolution
		{280AEA67-94B0-4A73-BF2B-8422009764CF}.Debug|Any CPU.ActiveCfg = Debug|Any CPU
		{280AEA67-94B0-4A73-BF2B-8422009764CF}.Debug|Any CPU.Build.0 = Debug|Any CPU
		{280AEA67-94B0-4A73-BF2B-8422009764CF}.Release|Any CPU.ActiveCfg = Release|Any CPU
		{280AEA67-94B0-4A73-BF2B-8422009764CF}.Release|Any CPU.Build.0 = Release|Any CPU
	EndGlobalSection
	GlobalSection(SolutionProperties) = preSolution
		HideSolutionNode = FALSE
	EndGlobalSection
	GlobalSection(ExtensibilityGlobals) = postSolution
		SolutionGuid = {5573A116-0788-4943-ACA4-88E7402E9776}
	EndGlobalSection
EndGlobal
